
Microsoft Visual Studio Solution File, Format Version 12.00
# Visual Studio Version 17
VisualStudioVersion = 17.9.34728.123
MinimumVisualStudioVersion = 10.0.40219.1
Project("{FAE04EC0-301F-11D3-BF4B-00C04F79EFBC}") = "Enerji İş Sendikası", "Enerji İş Sendikası\Enerji İş Sendikası.csproj", "{CD593D5D-DBAB-400E-BD89-8243567AF592}"
EndProject
Global
	GlobalSection(SolutionConfigurationPlatforms) = preSolution
		Debug|Any CPU = Debug|Any CPU
		Release|Any CPU = Release|Any CPU
	EndGlobalSection
	GlobalSection(ProjectConfigurationPlatforms) = postSolution
		{CD593D5D-DBAB-400E-BD89-8243567AF592}.Debug|Any CPU.ActiveCfg = Debug|Any CPU
		{CD593D5D-DBAB-400E-BD89-8243567AF592}.Debug|Any CPU.Build.0 = Debug|Any CPU
		{CD593D5D-DBAB-400E-BD89-8243567AF592}.Release|Any CPU.ActiveCfg = Release|Any CPU
		{CD593D5D-DBAB-400E-BD89-8243567AF592}.Release|Any CPU.Build.0 = Release|Any CPU
	EndGlobalSection
	GlobalSection(SolutionProperties) = preSolution
		HideSolutionNode = FALSE
	EndGlobalSection
	GlobalSection(ExtensibilityGlobals) = postSolution
		SolutionGuid = {85B44EE8-8BE5-47EA-A8C7-4500DB60AF26}
	EndGlobalSection
EndGlobal
